PODS:
  - HDUtil (0.1.5):
    - HDUtil/Device (= 0.1.5)
    - HDUtil/Helper (= 0.1.5)
    - HDUtil/Macro (= 0.1.5)
    - HDUtil/Other (= 0.1.5)
  - HDUtil/Device (0.1.5)
  - HDUtil/Helper (0.1.5)
  - HDUtil/Macro (0.1.5)
  - HDUtil/Other (0.1.5)

DEPENDENCIES:
  - HDUtil (from `../`)

EXTERNAL SOURCES:
  HDUtil:
    :path: "../"

SPEC CHECKSUMS:
  HDUtil: e1a8c3ba8d5c89673cd851956fa687bfb22323f1

PODFILE CHECKSUM: 159efd6fc4a12b1bce9779dd411d476525396065

COCOAPODS: 1.11.3
